// !$*UTF8*$!
{
	archiveVersion = 1;
	classes = {
	};
	objectVersion = 46;
	objects = {

/* Begin PBXBuildFile section */
		4197BC59BF639D14093B1654 /* libPods.a in Frameworks */ = {isa = PBXBuildFile; fileRef = 5B5A22DE637FF8B39D219F85 /* libPods.a */; };
		D22D7A411B20469E00D95111 /* LLAFeedItemDetailsViewController.m in Sources */ = {isa = PBXBuildFile; fileRef = D22D7A401B20469E00D95111 /* LLAFeedItemDetailsViewController.m */; };
		D22D7A451B238A0400D95111 /* LLASplashViewController.m in Sources */ = {isa = PBXBuildFile; fileRef = D22D7A441B238A0400D95111 /* LLASplashViewController.m */; };
		D22D7A481B238A7500D95111 /* LLASplashButtonContainerView.m in Sources */ = {isa = PBXBuildFile; fileRef = D22D7A471B238A7500D95111 /* LLASplashButtonContainerView.m */; };
		D22D7A4D1B239F8600D95111 /* LLATitleView.m in Sources */ = {isa = PBXBuildFile; fileRef = D22D7A4C1B239F8600D95111 /* LLATitleView.m */; };
		D237B16C1B00025400242170 /* LLASplashLoginView.m in Sources */ = {isa = PBXBuildFile; fileRef = D237B16A1B00025400242170 /* LLASplashLoginView.m */; };
		D256CC3B1B0AE819008BB9DB /* LLALandingNavigationViewController.m in Sources */ = {isa = PBXBuildFile; fileRef = D256CC3A1B0AE819008BB9DB /* LLALandingNavigationViewController.m */; };
		D267BCF51B0AD2E70006713B /* LLARepository.m in Sources */ = {isa = PBXBuildFile; fileRef = D267BCF41B0AD2E70006713B /* LLARepository.m */; };
		D267BCFB1B0AD86C0006713B /* LLAPost.m in Sources */ = {isa = PBXBuildFile; fileRef = D267BCFA1B0AD86C0006713B /* LLAPost.m */; };
		D267BD021B0ADA990006713B /* LLAParseAdapter.m in Sources */ = {isa = PBXBuildFile; fileRef = D267BD011B0ADA990006713B /* LLAParseAdapter.m */; };
		D267BD071B0AE28D0006713B /* LLAProfileViewController.m in Sources */ = {isa = PBXBuildFile; fileRef = D267BD051B0AE28D0006713B /* LLAProfileViewController.m */; };
		D267BD081B0AE28D0006713B /* LLAProfileViewController.xib in Resources */ = {isa = PBXBuildFile; fileRef = D267BD061B0AE28D0006713B /* LLAProfileViewController.xib */; };
		D29975581B12D0B300C1C1FC /* LLASplashSignUpView.m in Sources */ = {isa = PBXBuildFile; fileRef = D29975571B12D0B300C1C1FC /* LLASplashSignUpView.m */; };
		D299755D1B13B07400C1C1FC /* LLALandingIconView.m in Sources */ = {isa = PBXBuildFile; fileRef = D299755C1B13B07400C1C1FC /* LLALandingIconView.m */; };
		D29975611B144D6600C1C1FC /* LLAUserSearchViewController.m in Sources */ = {isa = PBXBuildFile; fileRef = D29975601B144D6600C1C1FC /* LLAUserSearchViewController.m */; };
		D29975641B145CF600C1C1FC /* LLAPostItemViewController.m in Sources */ = {isa = PBXBuildFile; fileRef = D29975631B145CF600C1C1FC /* LLAPostItemViewController.m */; };
		D29975671B16B7F200C1C1FC /* LLADailyTickerViewController.m in Sources */ = {isa = PBXBuildFile; fileRef = D29975661B16B7F200C1C1FC /* LLADailyTickerViewController.m */; };
		D299756A1B16C2E600C1C1FC /* UIImageView+Scale.m in Sources */ = {isa = PBXBuildFile; fileRef = D29975691B16C2E600C1C1FC /* UIImageView+Scale.m */; };
		D29EB7F51B1BA67900008427 /* LLALoadingViewController.m in Sources */ = {isa = PBXBuildFile; fileRef = D29EB7F41B1BA67900008427 /* LLALoadingViewController.m */; };
		D29EB7FA1B1BBB8B00008427 /* LLAPostActionView.m in Sources */ = {isa = PBXBuildFile; fileRef = D29EB7F91B1BBB8B00008427 /* LLAPostActionView.m */; };
		D2A150EC1B09536000922600 /* LLAUser.m in Sources */ = {isa = PBXBuildFile; fileRef = D2A150EB1B09536000922600 /* LLAUser.m */; };
		D2BD5E841B05A6DC00E9F17E /* LLAPostViewController.m in Sources */ = {isa = PBXBuildFile; fileRef = D2BD5E831B05A6DC00E9F17E /* LLAPostViewController.m */; };
		D2CDB3801B01B0D000300BB4 /* LLAFeedContainerViewController.m in Sources */ = {isa = PBXBuildFile; fileRef = D2CDB37E1B01B0D000300BB4 /* LLAFeedContainerViewController.m */; };
		D2CDB3811B01B0D000300BB4 /* LLAFeedContainerViewController.xib in Resources */ = {isa = PBXBuildFile; fileRef = D2CDB37F1B01B0D000300BB4 /* LLAFeedContainerViewController.xib */; };
		D2CDB3851B01B18000300BB4 /* LLAFeedItemViewController.m in Sources */ = {isa = PBXBuildFile; fileRef = D2CDB3831B01B18000300BB4 /* LLAFeedItemViewController.m */; };
		D2CDB3861B01B18000300BB4 /* LLAFeedItemViewController.xib in Resources */ = {isa = PBXBuildFile; fileRef = D2CDB3841B01B18000300BB4 /* LLAFeedItemViewController.xib */; };
		D2F851631AFC485400B5D3AD /* main.m in Sources */ = {isa = PBXBuildFile; fileRef = D2F851621AFC485400B5D3AD /* main.m */; };
		D2F851661AFC485400B5D3AD /* AppDelegate.m in Sources */ = {isa = PBXBuildFile; fileRef = D2F851651AFC485400B5D3AD /* AppDelegate.m */; };
		D2F8516E1AFC485400B5D3AD /* Images.xcassets in Resources */ = {isa = PBXBuildFile; fileRef = D2F8516D1AFC485400B5D3AD /* Images.xcassets */; };
		D2F8517D1AFC485400B5D3AD /* LimitlessTests.m in Sources */ = {isa = PBXBuildFile; fileRef = D2F8517C1AFC485400B5D3AD /* LimitlessTests.m */; };
		D2F851891AFC49B000B5D3AD /* SplashViewController.m in Sources */ = {isa = PBXBuildFile; fileRef = D2F851871AFC49B000B5D3AD /* SplashViewController.m */; };
		D2F8518A1AFC49B000B5D3AD /* SplashViewController.xib in Resources */ = {isa = PBXBuildFile; fileRef = D2F851881AFC49B000B5D3AD /* SplashViewController.xib */; };
		D2F8518D1AFC49D200B5D3AD /* LaunchScreen.xib in Resources */ = {isa = PBXBuildFile; fileRef = D2F8518B1AFC49D200B5D3AD /* LaunchScreen.xib */; };
		D2F851931AFC4CAD00B5D3AD /* LLALandingViewController.m in Sources */ = {isa = PBXBuildFile; fileRef = D2F851911AFC4CAD00B5D3AD /* LLALandingViewController.m */; };
		D2F851941AFC4CAD00B5D3AD /* LLALandingViewController.xib in Resources */ = {isa = PBXBuildFile; fileRef = D2F851921AFC4CAD00B5D3AD /* LLALandingViewController.xib */; };
		D2F8519B1AFC556400B5D3AD /* Bolts.framework in Frameworks */ = {isa = PBXBuildFile; fileRef = D2F851991AFC556400B5D3AD /* Bolts.framework */; };
		D2F8519C1AFC556400B5D3AD /* Parse.framework in Frameworks */ = {isa = PBXBuildFile; fileRef = D2F8519A1AFC556400B5D3AD /* Parse.framework */; };
		D2F8519F1AFC55EF00B5D3AD /* AudioToolbox.framework in Frameworks */ = {isa = PBXBuildFile; fileRef = D2F8519D1AFC55E000B5D3AD /* AudioToolbox.framework */; };
		D2F851A21AFC560300B5D3AD /* CFNetwork.framework in Frameworks */ = {isa = PBXBuildFile; fileRef = D2F851A01AFC55FC00B5D3AD /* CFNetwork.framework */; };
		D2F851A51AFC564600B5D3AD /* CoreGraphics.framework in Frameworks */ = {isa = PBXBuildFile; fileRef = D2F851A31AFC563A00B5D3AD /* CoreGraphics.framework */; };
		D2F851A81AFC565B00B5D3AD /* CoreLocation.framework in Frameworks */ = {isa = PBXBuildFile; fileRef = D2F851A61AFC565000B5D3AD /* CoreLocation.framework */; };
		D2F851AB1AFC566D00B5D3AD /* MobileCoreServices.framework in Frameworks */ = {isa = PBXBuildFile; fileRef = D2F851A91AFC566600B5D3AD /* MobileCoreServices.framework */; };
		D2F851AE1AFC568500B5D3AD /* QuartzCore.framework in Frameworks */ = {isa = PBXBuildFile; fileRef = D2F851AC1AFC567B00B5D3AD /* QuartzCore.framework */; };
		D2F851B11AFC569900B5D3AD /* Security.framework in Frameworks */ = {isa = PBXBuildFile; fileRef = D2F851AF1AFC568F00B5D3AD /* Security.framework */; };
		D2F851B71AFC56BF00B5D3AD /* SystemConfiguration.framework in Frameworks */ = {isa = PBXBuildFile; fileRef = D2F851B51AFC56B500B5D3AD /* SystemConfiguration.framework */; };
		D2F851B91AFC56CB00B5D3AD /* libz.dylib in Frameworks */ = {isa = PBXBuildFile; fileRef = D2F851B81AFC56CB00B5D3AD /* libz.dylib */; };
		D2F851BB1AFC56DC00B5D3AD /* libsqlite3.dylib in Frameworks */ = {isa = PBXBuildFile; fileRef = D2F851BA1AFC56DC00B5D3AD /* libsqlite3.dylib */; };
		D2F851C01AFC585100B5D3AD /* LLADailyFeedViewController.m in Sources */ = {isa = PBXBuildFile; fileRef = D2F851BE1AFC585100B5D3AD /* LLADailyFeedViewController.m */; };
		D2F851C11AFC585100B5D3AD /* LLADailyFeedViewController.xib in Resources */ = {isa = PBXBuildFile; fileRef = D2F851BF1AFC585100B5D3AD /* LLADailyFeedViewController.xib */; };
		D2F851C51AFDA49700B5D3AD /* UIColor+LimitlessColors.m in Sources */ = {isa = PBXBuildFile; fileRef = D2F851C41AFDA49700B5D3AD /* UIColor+LimitlessColors.m */; };
		D2F851C81AFDD63300B5D3AD /* Social.framework in Frameworks */ = {isa = PBXBuildFile; fileRef = D2F851C61AFDD61300B5D3AD /* Social.framework */; };
		D2F851CB1AFDD64A00B5D3AD /* Accounts.framework in Frameworks */ = {isa = PBXBuildFile; fileRef = D2F851C91AFDD63B00B5D3AD /* Accounts.framework */; };
/* End PBXBuildFile section */

/* Begin PBXContainerItemProxy section */
		D2F851771AFC485400B5D3AD /* PBXContainerItemProxy */ = {
			isa = PBXContainerItemProxy;
			containerPortal = D2F851551AFC485400B5D3AD /* Project object */;
			proxyType = 1;
			remoteGlobalIDString = D2F8515C1AFC485400B5D3AD;
			remoteInfo = Limitless;
		};
/* End PBXContainerItemProxy section */

/* Begin PBXFileReference section */
		06571D409504109B018FB76A /* Pods.debug.xcconfig */ = {isa = PBXFileReference; includeInIndex = 1; lastKnownFileType = text.xcconfig; name = Pods.debug.xcconfig; path = "Pods/Target Support Files/Pods/Pods.debug.xcconfig"; sourceTree = "<group>"; };
		2DAED4D1E51399AC5A6C440E /* Pods.release.xcconfig */ = {isa = PBXFileReference; includeInIndex = 1; lastKnownFileType = text.xcconfig; name = Pods.release.xcconfig; path = "Pods/Target Support Files/Pods/Pods.release.xcconfig"; sourceTree = "<group>"; };
		5B5A22DE637FF8B39D219F85 /* libPods.a */ = {isa = PBXFileReference; explicitFileType = archive.ar; includeInIndex = 0; path = libPods.a; sourceTree = BUILT_PRODUCTS_DIR; };
		D22D7A3F1B20469E00D95111 /* LLAFeedItemDetailsViewController.h */ = {isa = PBXFileReference; fileEncoding = 4; lastKnownFileType = sourcecode.c.h; name = LLAFeedItemDetailsViewController.h; path = DailyFeed/Views/LLAFeedItemDetailsViewController.h; sourceTree = "<group>"; };
		D22D7A401B20469E00D95111 /* LLAFeedItemDetailsViewController.m */ = {isa = PBXFileReference; fileEncoding = 4; lastKnownFileType = sourcecode.c.objc; name = LLAFeedItemDetailsViewController.m; path = DailyFeed/Views/LLAFeedItemDetailsViewController.m; sourceTree = "<group>"; };
		D22D7A431B238A0400D95111 /* LLASplashViewController.h */ = {isa = PBXFileReference; fileEncoding = 4; lastKnownFileType = sourcecode.c.h; name = LLASplashViewController.h; path = Splash/Controllers/LLASplashViewController.h; sourceTree = "<group>"; };
		D22D7A441B238A0400D95111 /* LLASplashViewController.m */ = {isa = PBXFileReference; fileEncoding = 4; lastKnownFileType = sourcecode.c.objc; name = LLASplashViewController.m; path = Splash/Controllers/LLASplashViewController.m; sourceTree = "<group>"; };
		D22D7A461B238A7500D95111 /* LLASplashButtonContainerView.h */ = {isa = PBXFileReference; fileEncoding = 4; lastKnownFileType = sourcecode.c.h; name = LLASplashButtonContainerView.h; path = Splash/Views/LLASplashButtonContainerView.h; sourceTree = "<group>"; };
		D22D7A471B238A7500D95111 /* LLASplashButtonContainerView.m */ = {isa = PBXFileReference; fileEncoding = 4; lastKnownFileType = sourcecode.c.objc; name = LLASplashButtonContainerView.m; path = Splash/Views/LLASplashButtonContainerView.m; sourceTree = "<group>"; };
		D22D7A4B1B239F8600D95111 /* LLATitleView.h */ = {isa = PBXFileReference; fileEncoding = 4; lastKnownFileType = sourcecode.c.h; name = LLATitleView.h; path = Shared/Views/LLATitleView.h; sourceTree = "<group>"; };
		D22D7A4C1B239F8600D95111 /* LLATitleView.m */ = {isa = PBXFileReference; fileEncoding = 4; lastKnownFileType = sourcecode.c.objc; name = LLATitleView.m; path = Shared/Views/LLATitleView.m; sourceTree = "<group>"; };
		D237B1691B00025400242170 /* LLASplashLoginView.h */ = {isa = PBXFileReference; fileEncoding = 4; lastKnownFileType = sourcecode.c.h; name = LLASplashLoginView.h; path = Splash/LLASplashLoginView.h; sourceTree = "<group>"; };
		D237B16A1B00025400242170 /* LLASplashLoginView.m */ = {isa = PBXFileReference; fileEncoding = 4; lastKnownFileType = sourcecode.c.objc; name = LLASplashLoginView.m; path = Splash/LLASplashLoginView.m; sourceTree = "<group>"; };
		D256CC391B0AE819008BB9DB /* LLALandingNavigationViewController.h */ = {isa = PBXFileReference; fileEncoding = 4; lastKnownFileType = sourcecode.c.h; name = LLALandingNavigationViewController.h; path = Landing/LLALandingNavigationViewController.h; sourceTree = "<group>"; };
		D256CC3A1B0AE819008BB9DB /* LLALandingNavigationViewController.m */ = {isa = PBXFileReference; fileEncoding = 4; lastKnownFileType = sourcecode.c.objc; name = LLALandingNavigationViewController.m; path = Landing/LLALandingNavigationViewController.m; sourceTree = "<group>"; };
		D267BCF31B0AD2E70006713B /* LLARepository.h */ = {isa = PBXFileReference; fileEncoding = 4; lastKnownFileType = sourcecode.c.h; name = LLARepository.h; path = Repository/LLARepository.h; sourceTree = "<group>"; };
		D267BCF41B0AD2E70006713B /* LLARepository.m */ = {isa = PBXFileReference; fileEncoding = 4; lastKnownFileType = sourcecode.c.objc; name = LLARepository.m; path = Repository/LLARepository.m; sourceTree = "<group>"; };
		D267BCF91B0AD86C0006713B /* LLAPost.h */ = {isa = PBXFileReference; fileEncoding = 4; lastKnownFileType = sourcecode.c.h; name = LLAPost.h; path = Objects/LLAPost.h; sourceTree = "<group>"; };
		D267BCFA1B0AD86C0006713B /* LLAPost.m */ = {isa = PBXFileReference; fileEncoding = 4; lastKnownFileType = sourcecode.c.objc; name = LLAPost.m; path = Objects/LLAPost.m; sourceTree = "<group>"; };
		D267BCFC1B0AD9150006713B /* LLARepositoryProtocol.h */ = {isa = PBXFileReference; fileEncoding = 4; lastKnownFileType = sourcecode.c.h; name = LLARepositoryProtocol.h; path = Repository/LLARepositoryProtocol.h; sourceTree = "<group>"; };
		D267BD001B0ADA990006713B /* LLAParseAdapter.h */ = {isa = PBXFileReference; fileEncoding = 4; lastKnownFileType = sourcecode.c.h; name = LLAParseAdapter.h; path = Repository/Adapters/LLAParseAdapter.h; sourceTree = "<group>"; };
		D267BD011B0ADA990006713B /* LLAParseAdapter.m */ = {isa = PBXFileReference; fileEncoding = 4; lastKnownFileType = sourcecode.c.objc; name = LLAParseAdapter.m; path = Repository/Adapters/LLAParseAdapter.m; sourceTree = "<group>"; };
		D267BD041B0AE28D0006713B /* LLAProfileViewController.h */ = {isa = PBXFileReference; fileEncoding = 4; lastKnownFileType = sourcecode.c.h; name = LLAProfileViewController.h; path = Profile/LLAProfileViewController.h; sourceTree = "<group>"; };
		D267BD051B0AE28D0006713B /* LLAProfileViewController.m */ = {isa = PBXFileReference; fileEncoding = 4; lastKnownFileType = sourcecode.c.objc; name = LLAProfileViewController.m; path = Profile/LLAProfileViewController.m; sourceTree = "<group>"; };
		D267BD061B0AE28D0006713B /* LLAProfileViewController.xib */ = {isa = PBXFileReference; fileEncoding = 4; lastKnownFileType = file.xib; name = LLAProfileViewController.xib; path = Profile/LLAProfileViewController.xib; sourceTree = "<group>"; };
		D29975561B12D0B300C1C1FC /* LLASplashSignUpView.h */ = {isa = PBXFileReference; fileEncoding = 4; lastKnownFileType = sourcecode.c.h; name = LLASplashSignUpView.h; path = Splash/Views/LLASplashSignUpView.h; sourceTree = "<group>"; };
		D29975571B12D0B300C1C1FC /* LLASplashSignUpView.m */ = {isa = PBXFileReference; fileEncoding = 4; lastKnownFileType = sourcecode.c.objc; name = LLASplashSignUpView.m; path = Splash/Views/LLASplashSignUpView.m; sourceTree = "<group>"; };
		D299755B1B13B07400C1C1FC /* LLALandingIconView.h */ = {isa = PBXFileReference; fileEncoding = 4; lastKnownFileType = sourcecode.c.h; path = LLALandingIconView.h; sourceTree = "<group>"; };
		D299755C1B13B07400C1C1FC /* LLALandingIconView.m */ = {isa = PBXFileReference; fileEncoding = 4; lastKnownFileType = sourcecode.c.objc; path = LLALandingIconView.m; sourceTree = "<group>"; };
		D299755F1B144D6600C1C1FC /* LLAUserSearchViewController.h */ = {isa = PBXFileReference; fileEncoding = 4; lastKnownFileType = sourcecode.c.h; name = LLAUserSearchViewController.h; path = Controllers/UserSearch/LLAUserSearchViewController.h; sourceTree = "<group>"; };
		D29975601B144D6600C1C1FC /* LLAUserSearchViewController.m */ = {isa = PBXFileReference; fileEncoding = 4; lastKnownFileType = sourcecode.c.objc; name = LLAUserSearchViewController.m; path = Controllers/UserSearch/LLAUserSearchViewController.m; sourceTree = "<group>"; };
		D29975621B145CF600C1C1FC /* LLAPostItemViewController.h */ = {isa = PBXFileReference; fileEncoding = 4; lastKnownFileType = sourcecode.c.h; name = LLAPostItemViewController.h; path = Post/LLAPostItemViewController.h; sourceTree = "<group>"; };
		D29975631B145CF600C1C1FC /* LLAPostItemViewController.m */ = {isa = PBXFileReference; fileEncoding = 4; lastKnownFileType = sourcecode.c.objc; name = LLAPostItemViewController.m; path = Post/LLAPostItemViewController.m; sourceTree = "<group>"; };
		D29975651B16B7F200C1C1FC /* LLADailyTickerViewController.h */ = {isa = PBXFileReference; fileEncoding = 4; lastKnownFileType = sourcecode.c.h; path = LLADailyTickerViewController.h; sourceTree = "<group>"; };
		D29975661B16B7F200C1C1FC /* LLADailyTickerViewController.m */ = {isa = PBXFileReference; fileEncoding = 4; lastKnownFileType = sourcecode.c.objc; path = LLADailyTickerViewController.m; sourceTree = "<group>"; };
		D29975681B16C2E600C1C1FC /* UIImageView+Scale.h */ = {isa = PBXFileReference; fileEncoding = 4; lastKnownFileType = sourcecode.c.h; name = "UIImageView+Scale.h"; path = "Categories/UIImageView+Scale.h"; sourceTree = "<group>"; };
		D29975691B16C2E600C1C1FC /* UIImageView+Scale.m */ = {isa = PBXFileReference; fileEncoding = 4; lastKnownFileType = sourcecode.c.objc; name = "UIImageView+Scale.m"; path = "Categories/UIImageView+Scale.m"; sourceTree = "<group>"; };
		D29EB7F31B1BA67900008427 /* LLALoadingViewController.h */ = {isa = PBXFileReference; fileEncoding = 4; lastKnownFileType = sourcecode.c.h; name = LLALoadingViewController.h; path = Controllers/Loading/LLALoadingViewController.h; sourceTree = "<group>"; };
		D29EB7F41B1BA67900008427 /* LLALoadingViewController.m */ = {isa = PBXFileReference; fileEncoding = 4; lastKnownFileType = sourcecode.c.objc; name = LLALoadingViewController.m; path = Controllers/Loading/LLALoadingViewController.m; sourceTree = "<group>"; };
		D29EB7F81B1BBB8B00008427 /* LLAPostActionView.h */ = {isa = PBXFileReference; fileEncoding = 4; lastKnownFileType = sourcecode.c.h; name = LLAPostActionView.h; path = Post/Views/LLAPostActionView.h; sourceTree = "<group>"; };
		D29EB7F91B1BBB8B00008427 /* LLAPostActionView.m */ = {isa = PBXFileReference; fileEncoding = 4; lastKnownFileType = sourcecode.c.objc; name = LLAPostActionView.m; path = Post/Views/LLAPostActionView.m; sourceTree = "<group>"; };
		D2A150EA1B09536000922600 /* LLAUser.h */ = {isa = PBXFileReference; fileEncoding = 4; lastKnownFileType = sourcecode.c.h; name = LLAUser.h; path = Objects/LLAUser.h; sourceTree = "<group>"; };
		D2A150EB1B09536000922600 /* LLAUser.m */ = {isa = PBXFileReference; fileEncoding = 4; lastKnownFileType = sourcecode.c.objc; name = LLAUser.m; path = Objects/LLAUser.m; sourceTree = "<group>"; };
		D2BD5E821B05A6DC00E9F17E /* LLAPostViewController.h */ = {isa = PBXFileReference; fileEncoding = 4; lastKnownFileType = sourcecode.c.h; name = LLAPostViewController.h; path = Post/LLAPostViewController.h; sourceTree = "<group>"; };
		D2BD5E831B05A6DC00E9F17E /* LLAPostViewController.m */ = {isa = PBXFileReference; fileEncoding = 4; lastKnownFileType = sourcecode.c.objc; name = LLAPostViewController.m; path = Post/LLAPostViewController.m; sourceTree = "<group>"; };
		D2CDB37D1B01B0D000300BB4 /* LLAFeedContainerViewController.h */ = {isa = PBXFileReference; fileEncoding = 4; lastKnownFileType = sourcecode.c.h; name = LLAFeedContainerViewController.h; path = DailyFeed/LLAFeedContainerViewController.h; sourceTree = "<group>"; };
		D2CDB37E1B01B0D000300BB4 /* LLAFeedContainerViewController.m */ = {isa = PBXFileReference; fileEncoding = 4; lastKnownFileType = sourcecode.c.objc; name = LLAFeedContainerViewController.m; path = DailyFeed/LLAFeedContainerViewController.m; sourceTree = "<group>"; };
		D2CDB37F1B01B0D000300BB4 /* LLAFeedContainerViewController.xib */ = {isa = PBXFileReference; fileEncoding = 4; lastKnownFileType = file.xib; name = LLAFeedContainerViewController.xib; path = DailyFeed/LLAFeedContainerViewController.xib; sourceTree = "<group>"; };
		D2CDB3821B01B18000300BB4 /* LLAFeedItemViewController.h */ = {isa = PBXFileReference; fileEncoding = 4; lastKnownFileType = sourcecode.c.h; name = LLAFeedItemViewController.h; path = DailyFeed/LLAFeedItemViewController.h; sourceTree = "<group>"; };
		D2CDB3831B01B18000300BB4 /* LLAFeedItemViewController.m */ = {isa = PBXFileReference; fileEncoding = 4; lastKnownFileType = sourcecode.c.objc; name = LLAFeedItemViewController.m; path = DailyFeed/LLAFeedItemViewController.m; sourceTree = "<group>"; };
		D2CDB3841B01B18000300BB4 /* LLAFeedItemViewController.xib */ = {isa = PBXFileReference; fileEncoding = 4; lastKnownFileType = file.xib; name = LLAFeedItemViewController.xib; path = DailyFeed/LLAFeedItemViewController.xib; sourceTree = "<group>"; };
		D2F8515D1AFC485400B5D3AD /* Limitless.app */ = {isa = PBXFileReference; explicitFileType = wrapper.application; includeInIndex = 0; path = Limitless.app; sourceTree = BUILT_PRODUCTS_DIR; };
		D2F851611AFC485400B5D3AD /* Info.plist */ = {isa = PBXFileReference; lastKnownFileType = text.plist.xml; path = Info.plist; sourceTree = "<group>"; };
		D2F851621AFC485400B5D3AD /* main.m */ = {isa = PBXFileReference; lastKnownFileType = sourcecode.c.objc; path = main.m; sourceTree = "<group>"; };
		D2F851641AFC485400B5D3AD /* AppDelegate.h */ = {isa = PBXFileReference; lastKnownFileType = sourcecode.c.h; path = AppDelegate.h; sourceTree = "<group>"; };
		D2F851651AFC485400B5D3AD /* AppDelegate.m */ = {isa = PBXFileReference; lastKnownFileType = sourcecode.c.objc; path = AppDelegate.m; sourceTree = "<group>"; };
		D2F8516D1AFC485400B5D3AD /* Images.xcassets */ = {isa = PBXFileReference; lastKnownFileType = folder.assetcatalog; path = Images.xcassets; sourceTree = "<group>"; };
		D2F851761AFC485400B5D3AD /* LimitlessTests.xctest */ = {isa = PBXFileReference; explicitFileType = wrapper.cfbundle; includeInIndex = 0; path = LimitlessTests.xctest; sourceTree = BUILT_PRODUCTS_DIR; };
		D2F8517B1AFC485400B5D3AD /* Info.plist */ = {isa = PBXFileReference; lastKnownFileType = text.plist.xml; path = Info.plist; sourceTree = "<group>"; };
		D2F8517C1AFC485400B5D3AD /* LimitlessTests.m */ = {isa = PBXFileReference; lastKnownFileType = sourcecode.c.objc; path = LimitlessTests.m; sourceTree = "<group>"; };
		D2F851861AFC49B000B5D3AD /* SplashViewController.h */ = {isa = PBXFileReference; fileEncoding = 4; lastKnownFileType = sourcecode.c.h; path = SplashViewController.h; sourceTree = "<group>"; };
		D2F851871AFC49B000B5D3AD /* SplashViewController.m */ = {isa = PBXFileReference; fileEncoding = 4; lastKnownFileType = sourcecode.c.objc; path = SplashViewController.m; sourceTree = "<group>"; };
		D2F851881AFC49B000B5D3AD /* SplashViewController.xib */ = {isa = PBXFileReference; fileEncoding = 4; lastKnownFileType = file.xib; path = SplashViewController.xib; sourceTree = "<group>"; };
		D2F8518C1AFC49D200B5D3AD /* Base */ = {isa = PBXFileReference; lastKnownFileType = file.xib; name = Base; path = Base.lproj/LaunchScreen.xib; sourceTree = "<group>"; };
		D2F851901AFC4CAD00B5D3AD /* LLALandingViewController.h */ = {isa = PBXFileReference; fileEncoding = 4; lastKnownFileType = sourcecode.c.h; name = LLALandingViewController.h; path = Landing/LLALandingViewController.h; sourceTree = "<group>"; };
		D2F851911AFC4CAD00B5D3AD /* LLALandingViewController.m */ = {isa = PBXFileReference; fileEncoding = 4; lastKnownFileType = sourcecode.c.objc; name = LLALandingViewController.m; path = Landing/LLALandingViewController.m; sourceTree = "<group>"; };
		D2F851921AFC4CAD00B5D3AD /* LLALandingViewController.xib */ = {isa = PBXFileReference; fileEncoding = 4; lastKnownFileType = file.xib; name = LLALandingViewController.xib; path = Landing/LLALandingViewController.xib; sourceTree = "<group>"; };
		D2F851991AFC556400B5D3AD /* Bolts.framework */ = {isa = PBXFileReference; lastKnownFileType = wrapper.framework; path = Bolts.framework; sourceTree = "<group>"; };
		D2F8519A1AFC556400B5D3AD /* Parse.framework */ = {isa = PBXFileReference; lastKnownFileType = wrapper.framework; path = Parse.framework; sourceTree = "<group>"; };
		D2F8519D1AFC55E000B5D3AD /* AudioToolbox.framework */ = {isa = PBXFileReference; lastKnownFileType = wrapper.framework; name = AudioToolbox.framework; path = System/Library/Frameworks/AudioToolbox.framework; sourceTree = SDKROOT; };
		D2F851A01AFC55FC00B5D3AD /* CFNetwork.framework */ = {isa = PBXFileReference; lastKnownFileType = wrapper.framework; name = CFNetwork.framework; path = System/Library/Frameworks/CFNetwork.framework; sourceTree = SDKROOT; };
		D2F851A31AFC563A00B5D3AD /* CoreGraphics.framework */ = {isa = PBXFileReference; lastKnownFileType = wrapper.framework; name = CoreGraphics.framework; path = System/Library/Frameworks/CoreGraphics.framework; sourceTree = SDKROOT; };
		D2F851A61AFC565000B5D3AD /* CoreLocation.framework */ = {isa = PBXFileReference; lastKnownFileType = wrapper.framework; name = CoreLocation.framework; path = System/Library/Frameworks/CoreLocation.framework; sourceTree = SDKROOT; };
		D2F851A91AFC566600B5D3AD /* MobileCoreServices.framework */ = {isa = PBXFileReference; lastKnownFileType = wrapper.framework; name = MobileCoreServices.framework; path = System/Library/Frameworks/MobileCoreServices.framework; sourceTree = SDKROOT; };
		D2F851AC1AFC567B00B5D3AD /* QuartzCore.framework */ = {isa = PBXFileReference; lastKnownFileType = wrapper.framework; name = QuartzCore.framework; path = System/Library/Frameworks/QuartzCore.framework; sourceTree = SDKROOT; };
		D2F851AF1AFC568F00B5D3AD /* Security.framework */ = {isa = PBXFileReference; lastKnownFileType = wrapper.framework; name = Security.framework; path = System/Library/Frameworks/Security.framework; sourceTree = SDKROOT; };
		D2F851B51AFC56B500B5D3AD /* SystemConfiguration.framework */ = {isa = PBXFileReference; lastKnownFileType = wrapper.framework; name = SystemConfiguration.framework; path = System/Library/Frameworks/SystemConfiguration.framework; sourceTree = SDKROOT; };
		D2F851B81AFC56CB00B5D3AD /* libz.dylib */ = {isa = PBXFileReference; lastKnownFileType = "compiled.mach-o.dylib"; name = libz.dylib; path = usr/lib/libz.dylib; sourceTree = SDKROOT; };
		D2F851BA1AFC56DC00B5D3AD /* libsqlite3.dylib */ = {isa = PBXFileReference; lastKnownFileType = "compiled.mach-o.dylib"; name = libsqlite3.dylib; path = usr/lib/libsqlite3.dylib; sourceTree = SDKROOT; };
		D2F851BD1AFC585100B5D3AD /* LLADailyFeedViewController.h */ = {isa = PBXFileReference; fileEncoding = 4; lastKnownFileType = sourcecode.c.h; name = LLADailyFeedViewController.h; path = DailyFeed/LLADailyFeedViewController.h; sourceTree = "<group>"; };
		D2F851BE1AFC585100B5D3AD /* LLADailyFeedViewController.m */ = {isa = PBXFileReference; fileEncoding = 4; lastKnownFileType = sourcecode.c.objc; name = LLADailyFeedViewController.m; path = DailyFeed/LLADailyFeedViewController.m; sourceTree = "<group>"; };
		D2F851BF1AFC585100B5D3AD /* LLADailyFeedViewController.xib */ = {isa = PBXFileReference; fileEncoding = 4; lastKnownFileType = file.xib; name = LLADailyFeedViewController.xib; path = DailyFeed/LLADailyFeedViewController.xib; sourceTree = "<group>"; };
		D2F851C31AFDA49700B5D3AD /* UIColor+LimitlessColors.h */ = {isa = PBXFileReference; fileEncoding = 4; lastKnownFileType = sourcecode.c.h; name = "UIColor+LimitlessColors.h"; path = "Categories/UIColor+LimitlessColors.h"; sourceTree = "<group>"; };
		D2F851C41AFDA49700B5D3AD /* UIColor+LimitlessColors.m */ = {isa = PBXFileReference; fileEncoding = 4; lastKnownFileType = sourcecode.c.objc; name = "UIColor+LimitlessColors.m"; path = "Categories/UIColor+LimitlessColors.m"; sourceTree = "<group>"; };
		D2F851C61AFDD61300B5D3AD /* Social.framework */ = {isa = PBXFileReference; lastKnownFileType = wrapper.framework; name = Social.framework; path = System/Library/Frameworks/Social.framework; sourceTree = SDKROOT; };
		D2F851C91AFDD63B00B5D3AD /* Accounts.framework */ = {isa = PBXFileReference; lastKnownFileType = wrapper.framework; name = Accounts.framework; path = System/Library/Frameworks/Accounts.framework; sourceTree = SDKROOT; };
		D2F851D11AFDDE0500B5D3AD /* LLASplashDelegates.h */ = {isa = PBXFileReference; fileEncoding = 4; lastKnownFileType = sourcecode.c.h; name = LLASplashDelegates.h; path = Splash/Delegates/LLASplashDelegates.h; sourceTree = "<group>"; };
/* End PBXFileReference section */

/* Begin PBXFrameworksBuildPhase section */
		D2F8515A1AFC485400B5D3AD /* Frameworks */ = {
			isa = PBXFrameworksBuildPhase;
			buildActionMask = 2147483647;
			files = (
				D2F851CB1AFDD64A00B5D3AD /* Accounts.framework in Frameworks */,
				D2F851C81AFDD63300B5D3AD /* Social.framework in Frameworks */,
				D2F851BB1AFC56DC00B5D3AD /* libsqlite3.dylib in Frameworks */,
				D2F851B91AFC56CB00B5D3AD /* libz.dylib in Frameworks */,
				D2F851B11AFC569900B5D3AD /* Security.framework in Frameworks */,
				D2F851B71AFC56BF00B5D3AD /* SystemConfiguration.framework in Frameworks */,
				D2F851AB1AFC566D00B5D3AD /* MobileCoreServices.framework in Frameworks */,
				D2F851AE1AFC568500B5D3AD /* QuartzCore.framework in Frameworks */,
				D2F851A21AFC560300B5D3AD /* CFNetwork.framework in Frameworks */,
				D2F851A81AFC565B00B5D3AD /* CoreLocation.framework in Frameworks */,
				D2F851A51AFC564600B5D3AD /* CoreGraphics.framework in Frameworks */,
				D2F8519C1AFC556400B5D3AD /* Parse.framework in Frameworks */,
				D2F8519F1AFC55EF00B5D3AD /* AudioToolbox.framework in Frameworks */,
				D2F8519B1AFC556400B5D3AD /* Bolts.framework in Frameworks */,
				4197BC59BF639D14093B1654 /* libPods.a in Frameworks */,
			);
			runOnlyForDeploymentPostprocessing = 0;
		};
		D2F851731AFC485400B5D3AD /* Frameworks */ = {
			isa = PBXFrameworksBuildPhase;
			buildActionMask = 2147483647;
			files = (
			);
			runOnlyForDeploymentPostprocessing = 0;
		};
/* End PBXFrameworksBuildPhase section */

/* Begin PBXGroup section */
		B5BA5A1DD209E32FE20CFA66 /* Pods */ = {
			isa = PBXGroup;
			children = (
				06571D409504109B018FB76A /* Pods.debug.xcconfig */,
				2DAED4D1E51399AC5A6C440E /* Pods.release.xcconfig */,
			);
			name = Pods;
			sourceTree = "<group>";
		};
		B995E840766D3846AB943672 /* Frameworks */ = {
			isa = PBXGroup;
			children = (
				5B5A22DE637FF8B39D219F85 /* libPods.a */,
			);
			name = Frameworks;
			sourceTree = "<group>";
		};
		D22D7A421B2389DD00D95111 /* Controllers */ = {
			isa = PBXGroup;
			children = (
				D22D7A431B238A0400D95111 /* LLASplashViewController.h */,
				D22D7A441B238A0400D95111 /* LLASplashViewController.m */,
			);
			name = Controllers;
			sourceTree = "<group>";
		};
		D22D7A491B239F4E00D95111 /* Shared */ = {
			isa = PBXGroup;
			children = (
				D22D7A4A1B239F5700D95111 /* Views */,
			);
			name = Shared;
			sourceTree = "<group>";
		};
		D22D7A4A1B239F5700D95111 /* Views */ = {
			isa = PBXGroup;
			children = (
				D22D7A4B1B239F8600D95111 /* LLATitleView.h */,
				D22D7A4C1B239F8600D95111 /* LLATitleView.m */,
			);
			name = Views;
			sourceTree = "<group>";
		};
		D267BCF21B0AD2A40006713B /* Respository */ = {
			isa = PBXGroup;
			children = (
				D267BCFF1B0ADA820006713B /* Adapters */,
				D267BCF31B0AD2E70006713B /* LLARepository.h */,
				D267BCF41B0AD2E70006713B /* LLARepository.m */,
				D267BCFC1B0AD9150006713B /* LLARepositoryProtocol.h */,
			);
			name = Respository;
			sourceTree = "<group>";
		};
		D267BCFF1B0ADA820006713B /* Adapters */ = {
			isa = PBXGroup;
			children = (
				D267BD001B0ADA990006713B /* LLAParseAdapter.h */,
				D267BD011B0ADA990006713B /* LLAParseAdapter.m */,
			);
			name = Adapters;
			sourceTree = "<group>";
		};
		D267BD031B0AE2520006713B /* Profile */ = {
			isa = PBXGroup;
			children = (
				D267BD041B0AE28D0006713B /* LLAProfileViewController.h */,
				D267BD051B0AE28D0006713B /* LLAProfileViewController.m */,
				D267BD061B0AE28D0006713B /* LLAProfileViewController.xib */,
			);
			name = Profile;
			sourceTree = "<group>";
		};
		D299755A1B13AE6700C1C1FC /* Views */ = {
			isa = PBXGroup;
			children = (
				D299755B1B13B07400C1C1FC /* LLALandingIconView.h */,
				D299755C1B13B07400C1C1FC /* LLALandingIconView.m */,
			);
			name = Views;
			sourceTree = "<group>";
		};
		D299755E1B144D2700C1C1FC /* UserSearch */ = {
			isa = PBXGroup;
			children = (
				D299755F1B144D6600C1C1FC /* LLAUserSearchViewController.h */,
				D29975601B144D6600C1C1FC /* LLAUserSearchViewController.m */,
			);
			name = UserSearch;
			sourceTree = "<group>";
		};
		D299756B1B16C8C500C1C1FC /* Protocols */ = {
			isa = PBXGroup;
			children = (
			);
			name = Protocols;
			sourceTree = "<group>";
		};
		D29EB7F61B1BA68400008427 /* Loading */ = {
			isa = PBXGroup;
			children = (
				D29EB7F31B1BA67900008427 /* LLALoadingViewController.h */,
				D29EB7F41B1BA67900008427 /* LLALoadingViewController.m */,
			);
			name = Loading;
			sourceTree = "<group>";
		};
		D29EB7F71B1BB92B00008427 /* Views */ = {
			isa = PBXGroup;
			children = (
				D29EB7F81B1BBB8B00008427 /* LLAPostActionView.h */,
				D29EB7F91B1BBB8B00008427 /* LLAPostActionView.m */,
			);
			name = Views;
			sourceTree = "<group>";
		};
		D2A150E91B09532D00922600 /* Data */ = {
			isa = PBXGroup;
			children = (
			);
			name = Data;
			sourceTree = "<group>";
		};
		D2BD5E811B05A6B700E9F17E /* Post */ = {
			isa = PBXGroup;
			children = (
				D29EB7F71B1BB92B00008427 /* Views */,
				D2BD5E821B05A6DC00E9F17E /* LLAPostViewController.h */,
				D2BD5E831B05A6DC00E9F17E /* LLAPostViewController.m */,
				D29975621B145CF600C1C1FC /* LLAPostItemViewController.h */,
				D29975631B145CF600C1C1FC /* LLAPostItemViewController.m */,
			);
			name = Post;
			sourceTree = "<group>";
		};
		D2CDB3771B019ACA00300BB4 /* Views */ = {
			isa = PBXGroup;
			children = (
				D2CDB3821B01B18000300BB4 /* LLAFeedItemViewController.h */,
				D2CDB3831B01B18000300BB4 /* LLAFeedItemViewController.m */,
				D2CDB3841B01B18000300BB4 /* LLAFeedItemViewController.xib */,
				D29975651B16B7F200C1C1FC /* LLADailyTickerViewController.h */,
				D29975661B16B7F200C1C1FC /* LLADailyTickerViewController.m */,
				D22D7A3F1B20469E00D95111 /* LLAFeedItemDetailsViewController.h */,
				D22D7A401B20469E00D95111 /* LLAFeedItemDetailsViewController.m */,
			);
			name = Views;
			sourceTree = "<group>";
		};
		D2CDB3871B01BF6C00300BB4 /* Models */ = {
			isa = PBXGroup;
			children = (
				D2A150EA1B09536000922600 /* LLAUser.h */,
				D2A150EB1B09536000922600 /* LLAUser.m */,
				D267BCF91B0AD86C0006713B /* LLAPost.h */,
				D267BCFA1B0AD86C0006713B /* LLAPost.m */,
			);
			name = Models;
			sourceTree = "<group>";
		};
		D2F851541AFC485400B5D3AD = {
			isa = PBXGroup;
			children = (
				D2F8515F1AFC485400B5D3AD /* Limitless */,
				D2F851791AFC485400B5D3AD /* LimitlessTests */,
				D2F8515E1AFC485400B5D3AD /* Products */,
				B5BA5A1DD209E32FE20CFA66 /* Pods */,
				B995E840766D3846AB943672 /* Frameworks */,
			);
			sourceTree = "<group>";
		};
		D2F8515E1AFC485400B5D3AD /* Products */ = {
			isa = PBXGroup;
			children = (
				D2F8515D1AFC485400B5D3AD /* Limitless.app */,
				D2F851761AFC485400B5D3AD /* LimitlessTests.xctest */,
			);
			name = Products;
			sourceTree = "<group>";
		};
		D2F8515F1AFC485400B5D3AD /* Limitless */ = {
			isa = PBXGroup;
			children = (
				D22D7A491B239F4E00D95111 /* Shared */,
				D267BCF21B0AD2A40006713B /* Respository */,
				D2A150E91B09532D00922600 /* Data */,
				D2CDB3871B01BF6C00300BB4 /* Models */,
				D2F851C21AFDA44800B5D3AD /* Categories */,
				D2F851981AFC555A00B5D3AD /* Frameworks */,
				D2F851961AFC4CCA00B5D3AD /* Workflows */,
				D2F8518B1AFC49D200B5D3AD /* LaunchScreen.xib */,
				D2F851641AFC485400B5D3AD /* AppDelegate.h */,
				D2F851651AFC485400B5D3AD /* AppDelegate.m */,
				D2F8516D1AFC485400B5D3AD /* Images.xcassets */,
				D2F851601AFC485400B5D3AD /* Supporting Files */,
			);
			path = Limitless;
			sourceTree = "<group>";
		};
		D2F851601AFC485400B5D3AD /* Supporting Files */ = {
			isa = PBXGroup;
			children = (
				D2F851611AFC485400B5D3AD /* Info.plist */,
				D2F851621AFC485400B5D3AD /* main.m */,
			);
			name = "Supporting Files";
			sourceTree = "<group>";
		};
		D2F851791AFC485400B5D3AD /* LimitlessTests */ = {
			isa = PBXGroup;
			children = (
				D2F8517C1AFC485400B5D3AD /* LimitlessTests.m */,
				D2F8517A1AFC485400B5D3AD /* Supporting Files */,
			);
			path = LimitlessTests;
			sourceTree = "<group>";
		};
		D2F8517A1AFC485400B5D3AD /* Supporting Files */ = {
			isa = PBXGroup;
			children = (
				D2F8517B1AFC485400B5D3AD /* Info.plist */,
			);
			name = "Supporting Files";
			sourceTree = "<group>";
		};
		D2F851951AFC4CB600B5D3AD /* Landing */ = {
			isa = PBXGroup;
			children = (
				D299755A1B13AE6700C1C1FC /* Views */,
				D2F851901AFC4CAD00B5D3AD /* LLALandingViewController.h */,
				D2F851911AFC4CAD00B5D3AD /* LLALandingViewController.m */,
				D2F851921AFC4CAD00B5D3AD /* LLALandingViewController.xib */,
				D256CC391B0AE819008BB9DB /* LLALandingNavigationViewController.h */,
				D256CC3A1B0AE819008BB9DB /* LLALandingNavigationViewController.m */,
			);
			name = Landing;
			sourceTree = "<group>";
		};
		D2F851961AFC4CCA00B5D3AD /* Workflows */ = {
			isa = PBXGroup;
			children = (
				D29EB7F61B1BA68400008427 /* Loading */,
				D299755E1B144D2700C1C1FC /* UserSearch */,
				D267BD031B0AE2520006713B /* Profile */,
				D2BD5E811B05A6B700E9F17E /* Post */,
				D2F851BC1AFC583800B5D3AD /* DailyFeed */,
				D2F851971AFC4CD900B5D3AD /* Splash */,
				D2F851951AFC4CB600B5D3AD /* Landing */,
			);
			name = Workflows;
			sourceTree = "<group>";
		};
		D2F851971AFC4CD900B5D3AD /* Splash */ = {
			isa = PBXGroup;
			children = (
				D22D7A421B2389DD00D95111 /* Controllers */,
				D2F851D01AFDDD8C00B5D3AD /* Delegates */,
				D2F851CC1AFDD7B100B5D3AD /* Views */,
				D2F851861AFC49B000B5D3AD /* SplashViewController.h */,
				D2F851871AFC49B000B5D3AD /* SplashViewController.m */,
				D2F851881AFC49B000B5D3AD /* SplashViewController.xib */,
			);
			name = Splash;
			sourceTree = "<group>";
		};
		D2F851981AFC555A00B5D3AD /* Frameworks */ = {
			isa = PBXGroup;
			children = (
				D2F851BA1AFC56DC00B5D3AD /* libsqlite3.dylib */,
				D2F851B81AFC56CB00B5D3AD /* libz.dylib */,
				D2F851C91AFDD63B00B5D3AD /* Accounts.framework */,
				D2F851C61AFDD61300B5D3AD /* Social.framework */,
				D2F851B51AFC56B500B5D3AD /* SystemConfiguration.framework */,
				D2F851AF1AFC568F00B5D3AD /* Security.framework */,
				D2F851AC1AFC567B00B5D3AD /* QuartzCore.framework */,
				D2F851A91AFC566600B5D3AD /* MobileCoreServices.framework */,
				D2F851A61AFC565000B5D3AD /* CoreLocation.framework */,
				D2F851A31AFC563A00B5D3AD /* CoreGraphics.framework */,
				D2F851A01AFC55FC00B5D3AD /* CFNetwork.framework */,
				D2F8519D1AFC55E000B5D3AD /* AudioToolbox.framework */,
				D2F851991AFC556400B5D3AD /* Bolts.framework */,
				D2F8519A1AFC556400B5D3AD /* Parse.framework */,
			);
			name = Frameworks;
			sourceTree = "<group>";
		};
		D2F851BC1AFC583800B5D3AD /* DailyFeed */ = {
			isa = PBXGroup;
			children = (
				D299756B1B16C8C500C1C1FC /* Protocols */,
				D2CDB3771B019ACA00300BB4 /* Views */,
				D2F851BD1AFC585100B5D3AD /* LLADailyFeedViewController.h */,
				D2F851BE1AFC585100B5D3AD /* LLADailyFeedViewController.m */,
				D2F851BF1AFC585100B5D3AD /* LLADailyFeedViewController.xib */,
				D2CDB37D1B01B0D000300BB4 /* LLAFeedContainerViewController.h */,
				D2CDB37E1B01B0D000300BB4 /* LLAFeedContainerViewController.m */,
				D2CDB37F1B01B0D000300BB4 /* LLAFeedContainerViewController.xib */,
			);
			name = DailyFeed;
			sourceTree = "<group>";
		};
		D2F851C21AFDA44800B5D3AD /* Categories */ = {
			isa = PBXGroup;
			children = (
				D2F851C31AFDA49700B5D3AD /* UIColor+LimitlessColors.h */,
				D2F851C41AFDA49700B5D3AD /* UIColor+LimitlessColors.m */,
				D29975681B16C2E600C1C1FC /* UIImageView+Scale.h */,
				D29975691B16C2E600C1C1FC /* UIImageView+Scale.m */,
			);
			name = Categories;
			sourceTree = "<group>";
		};
		D2F851CC1AFDD7B100B5D3AD /* Views */ = {
			isa = PBXGroup;
			children = (
				D237B1691B00025400242170 /* LLASplashLoginView.h */,
				D237B16A1B00025400242170 /* LLASplashLoginView.m */,
				D29975561B12D0B300C1C1FC /* LLASplashSignUpView.h */,
				D29975571B12D0B300C1C1FC /* LLASplashSignUpView.m */,
				D22D7A461B238A7500D95111 /* LLASplashButtonContainerView.h */,
				D22D7A471B238A7500D95111 /* LLASplashButtonContainerView.m */,
			);
			name = Views;
			sourceTree = "<group>";
		};
		D2F851D01AFDDD8C00B5D3AD /* Delegates */ = {
			isa = PBXGroup;
			children = (
				D2F851D11AFDDE0500B5D3AD /* LLASplashDelegates.h */,
			);
			name = Delegates;
			sourceTree = "<group>";
		};
/* End PBXGroup section */

/* Begin PBXNativeTarget section */
		D2F8515C1AFC485400B5D3AD /* Limitless */ = {
			isa = PBXNativeTarget;
			buildConfigurationList = D2F851801AFC485400B5D3AD /* Build configuration list for PBXNativeTarget "Limitless" */;
			buildPhases = (
				1482C4B6472A4A32471D6E3A /* Check Pods Manifest.lock */,
				D2F851591AFC485400B5D3AD /* Sources */,
				D2F8515A1AFC485400B5D3AD /* Frameworks */,
				D2F8515B1AFC485400B5D3AD /* Resources */,
				52A9D4F3E6D1F07EA6AAC5BB /* Copy Pods Resources */,
			);
			buildRules = (
			);
			dependencies = (
			);
			name = Limitless;
			productName = Limitless;
			productReference = D2F8515D1AFC485400B5D3AD /* Limitless.app */;
			productType = "com.apple.product-type.application";
		};
		D2F851751AFC485400B5D3AD /* LimitlessTests */ = {
			isa = PBXNativeTarget;
			buildConfigurationList = D2F851831AFC485400B5D3AD /* Build configuration list for PBXNativeTarget "LimitlessTests" */;
			buildPhases = (
				D2F851721AFC485400B5D3AD /* Sources */,
				D2F851731AFC485400B5D3AD /* Frameworks */,
				D2F851741AFC485400B5D3AD /* Resources */,
			);
			buildRules = (
			);
			dependencies = (
				D2F851781AFC485400B5D3AD /* PBXTargetDependency */,
			);
			name = LimitlessTests;
			productName = LimitlessTests;
			productReference = D2F851761AFC485400B5D3AD /* LimitlessTests.xctest */;
			productType = "com.apple.product-type.bundle.unit-test";
		};
/* End PBXNativeTarget section */

/* Begin PBXProject section */
		D2F851551AFC485400B5D3AD /* Project object */ = {
			isa = PBXProject;
			attributes = {
				LastUpgradeCheck = 0630;
				ORGANIZATIONNAME = Honycomb;
				TargetAttributes = {
					D2F8515C1AFC485400B5D3AD = {
						CreatedOnToolsVersion = 6.3.1;
						DevelopmentTeam = PFHLGXN94M;
						SystemCapabilities = {
							com.apple.InAppPurchase = {
								enabled = 0;
							};
						};
					};
					D2F851751AFC485400B5D3AD = {
						CreatedOnToolsVersion = 6.3.1;
						TestTargetID = D2F8515C1AFC485400B5D3AD;
					};
				};
			};
			buildConfigurationList = D2F851581AFC485400B5D3AD /* Build configuration list for PBXProject "Limitless" */;
			compatibilityVersion = "Xcode 3.2";
			developmentRegion = English;
			hasScannedForEncodings = 0;
			knownRegions = (
				en,
				Base,
			);
			mainGroup = D2F851541AFC485400B5D3AD;
			productRefGroup = D2F8515E1AFC485400B5D3AD /* Products */;
			projectDirPath = "";
			projectRoot = "";
			targets = (
				D2F8515C1AFC485400B5D3AD /* Limitless */,
				D2F851751AFC485400B5D3AD /* LimitlessTests */,
			);
		};
/* End PBXProject section */

/* Begin PBXResourcesBuildPhase section */
		D2F8515B1AFC485400B5D3AD /* Resources */ = {
			isa = PBXResourcesBuildPhase;
			buildActionMask = 2147483647;
			files = (
				D2F851C11AFC585100B5D3AD /* LLADailyFeedViewController.xib in Resources */,
				D267BD081B0AE28D0006713B /* LLAProfileViewController.xib in Resources */,
				D2F8516E1AFC485400B5D3AD /* Images.xcassets in Resources */,
				D2CDB3811B01B0D000300BB4 /* LLAFeedContainerViewController.xib in Resources */,
				D2F8518D1AFC49D200B5D3AD /* LaunchScreen.xib in Resources */,
				D2F851941AFC4CAD00B5D3AD /* LLALandingViewController.xib in Resources */,
				D2F8518A1AFC49B000B5D3AD /* SplashViewController.xib in Resources */,
				D2CDB3861B01B18000300BB4 /* LLAFeedItemViewController.xib in Resources */,
			);
			runOnlyForDeploymentPostprocessing = 0;
		};
		D2F851741AFC485400B5D3AD /* Resources */ = {
			isa = PBXResourcesBuildPhase;
			buildActionMask = 2147483647;
			files = (
			);
			runOnlyForDeploymentPostprocessing = 0;
		};
/* End PBXResourcesBuildPhase section */

/* Begin PBXShellScriptBuildPhase section */
		1482C4B6472A4A32471D6E3A /* Check Pods Manifest.lock */ = {
			isa = PBXShellScriptBuildPhase;
			buildActionMask = 2147483647;
			files = (
			);
			inputPaths = (
			);
			name = "Check Pods Manifest.lock";
			outputPaths = (
			);
			runOnlyForDeploymentPostprocessing = 0;
			shellPath = /bin/sh;
			shellScript = "diff \"${PODS_ROOT}/../Podfile.lock\" \"${PODS_ROOT}/Manifest.lock\" > /dev/null\nif [[ $? != 0 ]] ; then\n    cat << EOM\nerror: The sandbox is not in sync with the Podfile.lock. Run 'pod install' or update your CocoaPods installation.\nEOM\n    exit 1\nfi\n";
			showEnvVarsInLog = 0;
		};
		52A9D4F3E6D1F07EA6AAC5BB /* Copy Pods Resources */ = {
			isa = PBXShellScriptBuildPhase;
			buildActionMask = 2147483647;
			files = (
			);
			inputPaths = (
			);
			name = "Copy Pods Resources";
			outputPaths = (
			);
			runOnlyForDeploymentPostprocessing = 0;
			shellPath = /bin/sh;
			shellScript = "\"${SRCROOT}/Pods/Target Support Files/Pods/Pods-resources.sh\"\n";
			showEnvVarsInLog = 0;
		};
/* End PBXShellScriptBuildPhase section */

/* Begin PBXSourcesBuildPhase section */
		D2F851591AFC485400B5D3AD /* Sources */ = {
			isa = PBXSourcesBuildPhase;
			buildActionMask = 2147483647;
			files = (
				D267BD021B0ADA990006713B /* LLAParseAdapter.m in Sources */,
				D22D7A481B238A7500D95111 /* LLASplashButtonContainerView.m in Sources */,
				D2CDB3801B01B0D000300BB4 /* LLAFeedContainerViewController.m in Sources */,
				D22D7A411B20469E00D95111 /* LLAFeedItemDetailsViewController.m in Sources */,
				D2F851661AFC485400B5D3AD /* AppDelegate.m in Sources */,
				D299756A1B16C2E600C1C1FC /* UIImageView+Scale.m in Sources */,
				D29975581B12D0B300C1C1FC /* LLASplashSignUpView.m in Sources */,
				D2F851631AFC485400B5D3AD /* main.m in Sources */,
				D22D7A451B238A0400D95111 /* LLASplashViewController.m in Sources */,
				D256CC3B1B0AE819008BB9DB /* LLALandingNavigationViewController.m in Sources */,
				D2CDB3851B01B18000300BB4 /* LLAFeedItemViewController.m in Sources */,
				D29975641B145CF600C1C1FC /* LLAPostItemViewController.m in Sources */,
				D237B16C1B00025400242170 /* LLASplashLoginView.m in Sources */,
				D29975671B16B7F200C1C1FC /* LLADailyTickerViewController.m in Sources */,
				D2F851C51AFDA49700B5D3AD /* UIColor+LimitlessColors.m in Sources */,
				D299755D1B13B07400C1C1FC /* LLALandingIconView.m in Sources */,
				D2F851931AFC4CAD00B5D3AD /* LLALandingViewController.m in Sources */,
				D2F851C01AFC585100B5D3AD /* LLADailyFeedViewController.m in Sources */,
				D2A150EC1B09536000922600 /* LLAUser.m in Sources */,
				D22D7A4D1B239F8600D95111 /* LLATitleView.m in Sources */,
				D2BD5E841B05A6DC00E9F17E /* LLAPostViewController.m in Sources */,
				D29EB7F51B1BA67900008427 /* LLALoadingViewController.m in Sources */,
				D2F851891AFC49B000B5D3AD /* SplashViewController.m in Sources */,
				D267BCF51B0AD2E70006713B /* LLARepository.m in Sources */,
				D267BCFB1B0AD86C0006713B /* LLAPost.m in Sources */,
				D267BD071B0AE28D0006713B /* LLAProfileViewController.m in Sources */,
				D29EB7FA1B1BBB8B00008427 /* LLAPostActionView.m in Sources */,
				D29975611B144D6600C1C1FC /* LLAUserSearchViewController.m in Sources */,
			);
			runOnlyForDeploymentPostprocessing = 0;
		};
		D2F851721AFC485400B5D3AD /* Sources */ = {
			isa = PBXSourcesBuildPhase;
			buildActionMask = 2147483647;
			files = (
				D2F8517D1AFC485400B5D3AD /* LimitlessTests.m in Sources */,
			);
			runOnlyForDeploymentPostprocessing = 0;
		};
/* End PBXSourcesBuildPhase section */

/* Begin PBXTargetDependency section */
		D2F851781AFC485400B5D3AD /* PBXTargetDependency */ = {
			isa = PBXTargetDependency;
			target = D2F8515C1AFC485400B5D3AD /* Limitless */;
			targetProxy = D2F851771AFC485400B5D3AD /* PBXContainerItemProxy */;
		};
/* End PBXTargetDependency section */

/* Begin PBXVariantGroup section */
		D2F8518B1AFC49D200B5D3AD /* LaunchScreen.xib */ = {
			isa = PBXVariantGroup;
			children = (
				D2F8518C1AFC49D200B5D3AD /* Base */,
			);
			name = LaunchScreen.xib;
			sourceTree = "<group>";
		};
/* End PBXVariantGroup section */

/* Begin XCBuildConfiguration section */
		D2F8517E1AFC485400B5D3AD /* Debug */ = {
			isa = XCBuildConfiguration;
			buildSettings = {
				ALWAYS_SEARCH_USER_PATHS = NO;
				CLANG_CXX_LANGUAGE_STANDARD = "gnu++0x";
				CLANG_CXX_LIBRARY = "libc++";
				CLANG_ENABLE_MODULES = YES;
				CLANG_ENABLE_OBJC_ARC = YES;
				CLANG_WARN_BOOL_CONVERSION = YES;
				CLANG_WARN_CONSTANT_CONVERSION = YES;
				CLANG_WARN_DIRECT_OBJC_ISA_USAGE = YES_ERROR;
				CLANG_WARN_EMPTY_BODY = YES;
				CLANG_WARN_ENUM_CONVERSION = YES;
				CLANG_WARN_INT_CONVERSION = YES;
				CLANG_WARN_OBJC_ROOT_CLASS = YES_ERROR;
				CLANG_WARN_UNREACHABLE_CODE = YES;
				CLANG_WARN__DUPLICATE_METHOD_MATCH = YES;
				"CODE_SIGN_IDENTITY[sdk=iphoneos*]" = "iPhone Developer";
				COPY_PHASE_STRIP = NO;
				DEBUG_INFORMATION_FORMAT = "dwarf-with-dsym";
				ENABLE_STRICT_OBJC_MSGSEND = YES;
				GCC_C_LANGUAGE_STANDARD = gnu99;
				GCC_DYNAMIC_NO_PIC = NO;
				GCC_NO_COMMON_BLOCKS = YES;
				GCC_OPTIMIZATION_LEVEL = 0;
				GCC_PREPROCESSOR_DEFINITIONS = (
					"DEBUG=1",
					"$(inherited)",
				);
				GCC_SYMBOLS_PRIVATE_EXTERN = NO;
				GCC_WARN_64_TO_32_BIT_CONVERSION = YES;
				GCC_WARN_ABOUT_RETURN_TYPE = YES_ERROR;
				GCC_WARN_UNDECLARED_SELECTOR = YES;
				GCC_WARN_UNINITIALIZED_AUTOS = YES_AGGRESSIVE;
				GCC_WARN_UNUSED_FUNCTION = YES;
				GCC_WARN_UNUSED_VARIABLE = YES;
				IPHONEOS_DEPLOYMENT_TARGET = 8.3;
				MTL_ENABLE_DEBUG_INFO = YES;
				ONLY_ACTIVE_ARCH = YES;
				SDKROOT = iphoneos;
			};
			name = Debug;
		};
		D2F8517F1AFC485400B5D3AD /* Release */ = {
			isa = XCBuildConfiguration;
			buildSettings = {
				ALWAYS_SEARCH_USER_PATHS = NO;
				CLANG_CXX_LANGUAGE_STANDARD = "gnu++0x";
				CLANG_CXX_LIBRARY = "libc++";
				CLANG_ENABLE_MODULES = YES;
				CLANG_ENABLE_OBJC_ARC = YES;
				CLANG_WARN_BOOL_CONVERSION = YES;
				CLANG_WARN_CONSTANT_CONVERSION = YES;
				CLANG_WARN_DIRECT_OBJC_ISA_USAGE = YES_ERROR;
				CLANG_WARN_EMPTY_BODY = YES;
				CLANG_WARN_ENUM_CONVERSION = YES;
				CLANG_WARN_INT_CONVERSION = YES;
				CLANG_WARN_OBJC_ROOT_CLASS = YES_ERROR;
				CLANG_WARN_UNREACHABLE_CODE = YES;
				CLANG_WARN__DUPLICATE_METHOD_MATCH = YES;
				"CODE_SIGN_IDENTITY[sdk=iphoneos*]" = "iPhone Developer";
				COPY_PHASE_STRIP = NO;
				DEBUG_INFORMATION_FORMAT = "dwarf-with-dsym";
				ENABLE_NS_ASSERTIONS = NO;
				ENABLE_STRICT_OBJC_MSGSEND = YES;
				GCC_C_LANGUAGE_STANDARD = gnu99;
				GCC_NO_COMMON_BLOCKS = YES;
				GCC_WARN_64_TO_32_BIT_CONVERSION = YES;
				GCC_WARN_ABOUT_RETURN_TYPE = YES_ERROR;
				GCC_WARN_UNDECLARED_SELECTOR = YES;
				GCC_WARN_UNINITIALIZED_AUTOS = YES_AGGRESSIVE;
				GCC_WARN_UNUSED_FUNCTION = YES;
				GCC_WARN_UNUSED_VARIABLE = YES;
				IPHONEOS_DEPLOYMENT_TARGET = 8.3;
				MTL_ENABLE_DEBUG_INFO = NO;
				SDKROOT = iphoneos;
				VALIDATE_PRODUCT = YES;
			};
			name = Release;
		};
		D2F851811AFC485400B5D3AD /* Debug */ = {
			isa = XCBuildConfiguration;
			baseConfigurationReference = 06571D409504109B018FB76A /* Pods.debug.xcconfig */;
			buildSettings = {
				ASSETCATALOG_COMPILER_APPICON_NAME = AppIcon;
				CODE_SIGN_IDENTITY = "iPhone Developer";
				"CODE_SIGN_IDENTITY[sdk=iphoneos*]" = "iPhone Developer";
				FRAMEWORK_SEARCH_PATHS = (
					"$(inherited)",
					"$(PROJECT_DIR)/Limitless",
				);
				INFOPLIST_FILE = Limitless/Info.plist;
				LD_RUNPATH_SEARCH_PATHS = "$(inherited) @executable_path/Frameworks";
				PRODUCT_NAME = "$(TARGET_NAME)";
				PROVISIONING_PROFILE = "";
			};
			name = Debug;
		};
		D2F851821AFC485400B5D3AD /* Release */ = {
			isa = XCBuildConfiguration;
			baseConfigurationReference = 2DAED4D1E51399AC5A6C440E /* Pods.release.xcconfig */;
			buildSettings = {
				ASSETCATALOG_COMPILER_APPICON_NAME = AppIcon;
				CODE_SIGN_IDENTITY = "iPhone Developer";
				"CODE_SIGN_IDENTITY[sdk=iphoneos*]" = "iPhone Developer";
				FRAMEWORK_SEARCH_PATHS = (
					"$(inherited)",
					"$(PROJECT_DIR)/Limitless",
				);
				INFOPLIST_FILE = Limitless/Info.plist;
				LD_RUNPATH_SEARCH_PATHS = "$(inherited) @executable_path/Frameworks";
				PRODUCT_NAME = "$(TARGET_NAME)";
				PROVISIONING_PROFILE = "";
			};
			name = Release;
		};
		D2F851841AFC485400B5D3AD /* Debug */ = {
			isa = XCBuildConfiguration;
			buildSettings = {
				BUNDLE_LOADER = "$(TEST_HOST)";
				FRAMEWORK_SEARCH_PATHS = (
					"$(SDKROOT)/Developer/Library/Frameworks",
					"$(inherited)",
				);
				GCC_PREPROCESSOR_DEFINITIONS = (
					"DEBUG=1",
					"$(inherited)",
				);
				INFOPLIST_FILE = LimitlessTests/Info.plist;
				LD_RUNPATH_SEARCH_PATHS = "$(inherited) @executable_path/Frameworks @loader_path/Frameworks";
				PRODUCT_NAME = "$(TARGET_NAME)";
				TEST_HOST = "$(BUILT_PRODUCTS_DIR)/Limitless.app/Limitless";
			};
			name = Debug;
		};
		D2F851851AFC485400B5D3AD /* Release */ = {
			isa = XCBuildConfiguration;
			buildSettings = {
				BUNDLE_LOADER = "$(TEST_HOST)";
				FRAMEWORK_SEARCH_PATHS = (
					"$(SDKROOT)/Developer/Library/Frameworks",
					"$(inherited)",
				);
				INFOPLIST_FILE = LimitlessTests/Info.plist;
				LD_RUNPATH_SEARCH_PATHS = "$(inherited) @executable_path/Frameworks @loader_path/Frameworks";
				PRODUCT_NAME = "$(TARGET_NAME)";
				TEST_HOST = "$(BUILT_PRODUCTS_DIR)/Limitless.app/Limitless";
			};
			name = Release;
		};
/* End XCBuildConfiguration section */

/* Begin XCConfigurationList section */
		D2F851581AFC485400B5D3AD /* Build configuration list for PBXProject "Limitless" */ = {
			isa = XCConfigurationList;
			buildConfigurations = (
				D2F8517E1AFC485400B5D3AD /* Debug */,
				D2F8517F1AFC485400B5D3AD /* Release */,
			);
			defaultConfigurationIsVisible = 0;
			defaultConfigurationName = Release;
		};
		D2F851801AFC485400B5D3AD /* Build configuration list for PBXNativeTarget "Limitless" */ = {
			isa = XCConfigurationList;
			buildConfigurations = (
				D2F851811AFC485400B5D3AD /* Debug */,
				D2F851821AFC485400B5D3AD /* Release */,
			);
			defaultConfigurationIsVisible = 0;
			defaultConfigurationName = Release;
		};
		D2F851831AFC485400B5D3AD /* Build configuration list for PBXNativeTarget "LimitlessTests" */ = {
			isa = XCConfigurationList;
			buildConfigurations = (
				D2F851841AFC485400B5D3AD /* Debug */,
				D2F851851AFC485400B5D3AD /* Release */,
			);
			defaultConfigurationIsVisible = 0;
			defaultConfigurationName = Release;
		};
/* End XCConfigurationList section */
	};
	rootObject = D2F851551AFC485400B5D3AD /* Project object */;
}
